
Microsoft Visual Studio Solution File, Format Version 12.00
# Visual Studio Version 16
VisualStudioVersion = 16.0.30114.105
MinimumVisualStudioVersion = 10.0.40219.1
Project("{9A19103F-16F7-4668-BE54-9A1E7A4F7556}") = "test-bamboohr-api", "test-bamboohr-api.csproj", "{7490A9FC-1353-4AC0-B225-D15C885FA6C8}"
EndProject
Global
	GlobalSection(SolutionConfigurationPlatforms) = preSolution
		Debug|Any CPU = Debug|Any CPU
		Release|Any CPU = Release|Any CPU
	EndGlobalSection
	GlobalSection(ProjectConfigurationPlatforms) = postSolution
		{7490A9FC-1353-4AC0-B225-D15C885FA6C8}.Debug|Any CPU.ActiveCfg = Debug|Any CPU
		{7490A9FC-1353-4AC0-B225-D15C885FA6C8}.Debug|Any CPU.Build.0 = Debug|Any CPU
		{7490A9FC-1353-4AC0-B225-D15C885FA6C8}.Release|Any CPU.ActiveCfg = Release|Any CPU
		{7490A9FC-1353-4AC0-B225-D15C885FA6C8}.Release|Any CPU.Build.0 = Release|Any CPU
	EndGlobalSection
	GlobalSection(SolutionProperties) = preSolution
		HideSolutionNode = FALSE
	EndGlobalSection
	GlobalSection(ExtensibilityGlobals) = postSolution
		SolutionGuid = {5E6FA71E-F615-4BA3-BE46-A249660BB5AB}
	EndGlobalSection
EndGlobal
