
Microsoft Visual Studio Solution File, Format Version 12.00
# Visual Studio Version 16
VisualStudioVersion = 16.0.30225.117
MinimumVisualStudioVersion = 10.0.40219.1
Project("{FAE04EC0-301F-11D3-BF4B-00C04F79EFBC}") = "FunctionApp1", "FunctionApp1\FunctionApp1.csproj", "{216A5F1C-667D-447A-947D-54E668D6FBBE}"
EndProject
Global
	GlobalSection(SolutionConfigurationPlatforms) = preSolution
		Debug|Any CPU = Debug|Any CPU
		Release|Any CPU = Release|Any CPU
	EndGlobalSection
	GlobalSection(ProjectConfigurationPlatforms) = postSolution
		{216A5F1C-667D-447A-947D-54E668D6FBBE}.Debug|Any CPU.ActiveCfg = Debug|Any CPU
		{216A5F1C-667D-447A-947D-54E668D6FBBE}.Debug|Any CPU.Build.0 = Debug|Any CPU
		{216A5F1C-667D-447A-947D-54E668D6FBBE}.Release|Any CPU.ActiveCfg = Release|Any CPU
		{216A5F1C-667D-447A-947D-54E668D6FBBE}.Release|Any CPU.Build.0 = Release|Any CPU
	EndGlobalSection
	GlobalSection(SolutionProperties) = preSolution
		HideSolutionNode = FALSE
	EndGlobalSection
	GlobalSection(ExtensibilityGlobals) = postSolution
		SolutionGuid = {CBBAC5AC-12A5-4669-A422-250311BCF993}
	EndGlobalSection
EndGlobal
